// !$*UTF8*$!
{
	archiveVersion = 1;
	classes = {
	};
	objectVersion = 46;
	objects = {

/* Begin PBXBuildFile section */
		38F3577C1B87B806000534FD /* AppDelegate.swift in Sources */ = {isa = PBXBuildFile; fileRef = 38F3577B1B87B806000534FD /* AppDelegate.swift */; };
		38F3577E1B87B806000534FD /* ViewController.swift in Sources */ = {isa = PBXBuildFile; fileRef = 38F3577D1B87B806000534FD /* ViewController.swift */; };
		38F357811B87B806000534FD /* Main.storyboard in Resources */ = {isa = PBXBuildFile; fileRef = 38F3577F1B87B806000534FD /* Main.storyboard */; };
		38F357831B87B806000534FD /* Images.xcassets in Resources */ = {isa = PBXBuildFile; fileRef = 38F357821B87B806000534FD /* Images.xcassets */; };
		38F357861B87B806000534FD /* LaunchScreen.xib in Resources */ = {isa = PBXBuildFile; fileRef = 38F357841B87B806000534FD /* LaunchScreen.xib */; };
		38F357921B87B806000534FD /* justthetipTests.swift in Sources */ = {isa = PBXBuildFile; fileRef = 38F357911B87B806000534FD /* justthetipTests.swift */; };
/* End PBXBuildFile section */

/* Begin PBXContainerItemProxy section */
		38F3578C1B87B806000534FD /* PBXContainerItemProxy */ = {
			isa = PBXContainerItemProxy;
			containerPortal = 38F3576E1B87B806000534FD /* Project object */;
			proxyType = 1;
			remoteGlobalIDString = 38F357751B87B806000534FD;
			remoteInfo = justthetip;
		};
/* End PBXContainerItemProxy section */

/* Begin PBXFileReference section */
		38F357761B87B806000534FD /* justthetip.app */ = {isa = PBXFileReference; explicitFileType = wrapper.application; includeInIndex = 0; path = justthetip.app; sourceTree = BUILT_PRODUCTS_DIR; };
		38F3577A1B87B806000534FD /* Info.plist */ = {isa = PBXFileReference; lastKnownFileType = text.plist.xml; path = Info.plist; sourceTree = "<group>"; };
		38F3577B1B87B806000534FD /* AppDelegate.swift */ = {isa = PBXFileReference; lastKnownFileType = sourcecode.swift; path = AppDelegate.swift; sourceTree = "<group>"; };
		38F3577D1B87B806000534FD /* ViewController.swift */ = {isa = PBXFileReference; lastKnownFileType = sourcecode.swift; path = ViewController.swift; sourceTree = "<group>"; };
		38F357801B87B806000534FD /* Base */ = {isa = PBXFileReference; lastKnownFileType = file.storyboard; name = Base; path = Base.lproj/Main.storyboard; sourceTree = "<group>"; };
		38F357821B87B806000534FD /* Images.xcassets */ = {isa = PBXFileReference; lastKnownFileType = folder.assetcatalog; path = Images.xcassets; sourceTree = "<group>"; };
		38F357851B87B806000534FD /* Base */ = {isa = PBXFileReference; lastKnownFileType = file.xib; name = Base; path = Base.lproj/LaunchScreen.xib; sourceTree = "<group>"; };
		38F3578B1B87B806000534FD /* justthetipTests.xctest */ = {isa = PBXFileReference; explicitFileType = wrapper.cfbundle; includeInIndex = 0; path = justthetipTests.xctest; sourceTree = BUILT_PRODUCTS_DIR; };
		38F357901B87B806000534FD /* Info.plist */ = {isa = PBXFileReference; lastKnownFileType = text.plist.xml; path = Info.plist; sourceTree = "<group>"; };
		38F357911B87B806000534FD /* justthetipTests.swift */ = {isa = PBXFileReference; lastKnownFileType = sourcecode.swift; path = justthetipTests.swift; sourceTree = "<group>"; };
/* End PBXFileReference section */

/* Begin PBXFrameworksBuildPhase section */
		38F357731B87B806000534FD /* Frameworks */ = {
			isa = PBXFrameworksBuildPhase;
			buildActionMask = 2147483647;
			files = (
			);
			runOnlyForDeploymentPostprocessing = 0;
		};
		38F357881B87B806000534FD /* Frameworks */ = {
			isa = PBXFrameworksBuildPhase;
			buildActionMask = 2147483647;
			files = (
			);
			runOnlyForDeploymentPostprocessing = 0;
		};
/* End PBXFrameworksBuildPhase section */

/* Begin PBXGroup section */
		38F3576D1B87B806000534FD = {
			isa = PBXGroup;
			children = (
				38F357781B87B806000534FD /* justthetip */,
				38F3578E1B87B806000534FD /* justthetipTests */,
				38F357771B87B806000534FD /* Products */,
			);
			sourceTree = "<group>";
		};
		38F357771B87B806000534FD /* Products */ = {
			isa = PBXGroup;
			children = (
				38F357761B87B806000534FD /* justthetip.app */,
				38F3578B1B87B806000534FD /* justthetipTests.xctest */,
			);
			name = Products;
			sourceTree = "<group>";
		};
		38F357781B87B806000534FD /* justthetip */ = {
			isa = PBXGroup;
			children = (
				38F3577B1B87B806000534FD /* AppDelegate.swift */,
				38F3577D1B87B806000534FD /* ViewController.swift */,
				38F3577F1B87B806000534FD /* Main.storyboard */,
				38F357821B87B806000534FD /* Images.xcassets */,
				38F357841B87B806000534FD /* LaunchScreen.xib */,
				38F357791B87B806000534FD /* Supporting Files */,
			);
			path = justthetip;
			sourceTree = "<group>";
		};
		38F357791B87B806000534FD /* Supporting Files */ = {
			isa = PBXGroup;
			children = (
				38F3577A1B87B806000534FD /* Info.plist */,
			);
			name = "Supporting Files";
			sourceTree = "<group>";
		};
		38F3578E1B87B806000534FD /* justthetipTests */ = {
			isa = PBXGroup;
			children = (
				38F357911B87B806000534FD /* justthetipTests.swift */,
				38F3578F1B87B806000534FD /* Supporting Files */,
			);
			path = justthetipTests;
			sourceTree = "<group>";
		};
		38F3578F1B87B806000534FD /* Supporting Files */ = {
			isa = PBXGroup;
			children = (
				38F357901B87B806000534FD /* Info.plist */,
			);
			name = "Supporting Files";
			sourceTree = "<group>";
		};
/* End PBXGroup section */

/* Begin PBXNativeTarget section */
		38F357751B87B806000534FD /* justthetip */ = {
			isa = PBXNativeTarget;
			buildConfigurationList = 38F357951B87B806000534FD /* Build configuration list for PBXNativeTarget "justthetip" */;
			buildPhases = (
				38F357721B87B806000534FD /* Sources */,
				38F357731B87B806000534FD /* Frameworks */,
				38F357741B87B806000534FD /* Resources */,
			);
			buildRules = (
			);
			dependencies = (
			);
			name = justthetip;
			productName = justthetip;
			productReference = 38F357761B87B806000534FD /* justthetip.app */;
			productType = "com.apple.product-type.application";
		};
		38F3578A1B87B806000534FD /* justthetipTests */ = {
			isa = PBXNativeTarget;
			buildConfigurationList = 38F357981B87B806000534FD /* Build configuration list for PBXNativeTarget "justthetipTests" */;
			buildPhases = (
				38F357871B87B806000534FD /* Sources */,
				38F357881B87B806000534FD /* Frameworks */,
				38F357891B87B806000534FD /* Resources */,
			);
			buildRules = (
			);
			dependencies = (
				38F3578D1B87B806000534FD /* PBXTargetDependency */,
			);
			name = justthetipTests;
			productName = justthetipTests;
			productReference = 38F3578B1B87B806000534FD /* justthetipTests.xctest */;
			productType = "com.apple.product-type.bundle.unit-test";
		};
/* End PBXNativeTarget section */

/* Begin PBXProject section */
		38F3576E1B87B806000534FD /* Project object */ = {
			isa = PBXProject;
			attributes = {
				LastUpgradeCheck = 0640;
				ORGANIZATIONNAME = patrick;
				TargetAttributes = {
					38F357751B87B806000534FD = {
						CreatedOnToolsVersion = 6.4;
					};
					38F3578A1B87B806000534FD = {
						CreatedOnToolsVersion = 6.4;
						TestTargetID = 38F357751B87B806000534FD;
					};
				};
			};
			buildConfigurationList = 38F357711B87B806000534FD /* Build configuration list for PBXProject "justthetip" */;
			compatibilityVersion = "Xcode 3.2";
			developmentRegion = English;
			hasScannedForEncodings = 0;
			knownRegions = (
				en,
				Base,
			);
			mainGroup = 38F3576D1B87B806000534FD;
			productRefGroup = 38F357771B87B806000534FD /* Products */;
			projectDirPath = "";
			projectRoot = "";
			targets = (
				38F357751B87B806000534FD /* justthetip */,
				38F3578A1B87B806000534FD /* justthetipTests */,
			);
		};
/* End PBXProject section */

/* Begin PBXResourcesBuildPhase section */
		38F357741B87B806000534FD /* Resources */ = {
			isa = PBXResourcesBuildPhase;
			buildActionMask = 2147483647;
			files = (
				38F357811B87B806000534FD /* Main.storyboard in Resources */,
				38F357861B87B806000534FD /* LaunchScreen.xib in Resources */,
				38F357831B87B806000534FD /* Images.xcassets in Resources */,
			);
			runOnlyForDeploymentPostprocessing = 0;
		};
		38F357891B87B806000534FD /* Resources */ = {
			isa = PBXResourcesBuildPhase;
			buildActionMask = 2147483647;
			files = (
			);
			runOnlyForDeploymentPostprocessing = 0;
		};
/* End PBXResourcesBuildPhase section */

/* Begin PBXSourcesBuildPhase section */
		38F357721B87B806000534FD /* Sources */ = {
			isa = PBXSourcesBuildPhase;
			buildActionMask = 2147483647;
			files = (
				38F3577E1B87B806000534FD /* ViewController.swift in Sources */,
				38F3577C1B87B806000534FD /* AppDelegate.swift in Sources */,
			);
			runOnlyForDeploymentPostprocessing = 0;
		};
		38F357871B87B806000534FD /* Sources */ = {
			isa = PBXSourcesBuildPhase;
			buildActionMask = 2147483647;
			files = (
				38F357921B87B806000534FD /* justthetipTests.swift in Sources */,
			);
			runOnlyForDeploymentPostprocessing = 0;
		};
/* End PBXSourcesBuildPhase section */

/* Begin PBXTargetDependency section */
		38F3578D1B87B806000534FD /* PBXTargetDependency */ = {
			isa = PBXTargetDependency;
			target = 38F357751B87B806000534FD /* justthetip */;
			targetProxy = 38F3578C1B87B806000534FD /* PBXContainerItemProxy */;
		};
/* End PBXTargetDependency section */

/* Begin PBXVariantGroup section */
		38F3577F1B87B806000534FD /* Main.storyboard */ = {
			isa = PBXVariantGroup;
			children = (
				38F357801B87B806000534FD /* Base */,
			);
			name = Main.storyboard;
			sourceTree = "<group>";
		};
		38F357841B87B806000534FD /* LaunchScreen.xib */ = {
			isa = PBXVariantGroup;
			children = (
				38F357851B87B806000534FD /* Base */,
			);
			name = LaunchScreen.xib;
			sourceTree = "<group>";
		};
/* End PBXVariantGroup section */

/* Begin XCBuildConfiguration section */
		38F357931B87B806000534FD /* Debug */ = {
			isa = XCBuildConfiguration;
			buildSettings = {
				ALWAYS_SEARCH_USER_PATHS = NO;
				CLANG_CXX_LANGUAGE_STANDARD = "gnu++0x";
				CLANG_CXX_LIBRARY = "libc++";
				CLANG_ENABLE_MODULES = YES;
				CLANG_ENABLE_OBJC_ARC = YES;
				CLANG_WARN_BOOL_CONVERSION = YES;
				CLANG_WARN_CONSTANT_CONVERSION = YES;
				CLANG_WARN_DIRECT_OBJC_ISA_USAGE = YES_ERROR;
				CLANG_WARN_EMPTY_BODY = YES;
				CLANG_WARN_ENUM_CONVERSION = YES;
				CLANG_WARN_INT_CONVERSION = YES;
				CLANG_WARN_OBJC_ROOT_CLASS = YES_ERROR;
				CLANG_WARN_UNREACHABLE_CODE = YES;
				CLANG_WARN__DUPLICATE_METHOD_MATCH = YES;
				"CODE_SIGN_IDENTITY[sdk=iphoneos*]" = "iPhone Developer";
				COPY_PHASE_STRIP = NO;
				DEBUG_INFORMATION_FORMAT = "dwarf-with-dsym";
				ENABLE_STRICT_OBJC_MSGSEND = YES;
				GCC_C_LANGUAGE_STANDARD = gnu99;
				GCC_DYNAMIC_NO_PIC = NO;
				GCC_NO_COMMON_BLOCKS = YES;
				GCC_OPTIMIZATION_LEVEL = 0;
				GCC_PREPROCESSOR_DEFINITIONS = (
					"DEBUG=1",
					"$(inherited)",
				);
				GCC_SYMBOLS_PRIVATE_EXTERN = NO;
				GCC_WARN_64_TO_32_BIT_CONVERSION = YES;
				GCC_WARN_ABOUT_RETURN_TYPE = YES_ERROR;
				GCC_WARN_UNDECLARED_SELECTOR = YES;
				GCC_WARN_UNINITIALIZED_AUTOS = YES_AGGRESSIVE;
				GCC_WARN_UNUSED_FUNCTION = YES;
				GCC_WARN_UNUSED_VARIABLE = YES;
				IPHONEOS_DEPLOYMENT_TARGET = 8.4;
				MTL_ENABLE_DEBUG_INFO = YES;
				ONLY_ACTIVE_ARCH = YES;
				SDKROOT = iphoneos;
				SWIFT_OPTIMIZATION_LEVEL = "-Onone";
			};
			name = Debug;
		};
		38F357941B87B806000534FD /* Release */ = {
			isa = XCBuildConfiguration;
			buildSettings = {
				ALWAYS_SEARCH_USER_PATHS = NO;
				CLANG_CXX_LANGUAGE_STANDARD = "gnu++0x";
				CLANG_CXX_LIBRARY = "libc++";
				CLANG_ENABLE_MODULES = YES;
				CLANG_ENABLE_OBJC_ARC = YES;
				CLANG_WARN_BOOL_CONVERSION = YES;
				CLANG_WARN_CONSTANT_CONVERSION = YES;
				CLANG_WARN_DIRECT_OBJC_ISA_USAGE = YES_ERROR;
				CLANG_WARN_EMPTY_BODY = YES;
				CLANG_WARN_ENUM_CONVERSION = YES;
				CLANG_WARN_INT_CONVERSION = YES;
				CLANG_WARN_OBJC_ROOT_CLASS = YES_ERROR;
				CLANG_WARN_UNREACHABLE_CODE = YES;
				CLANG_WARN__DUPLICATE_METHOD_MATCH = YES;
				"CODE_SIGN_IDENTITY[sdk=iphoneos*]" = "iPhone Developer";
				COPY_PHASE_STRIP = NO;
				DEBUG_INFORMATION_FORMAT = "dwarf-with-dsym";
				ENABLE_NS_ASSERTIONS = NO;
				ENABLE_STRICT_OBJC_MSGSEND = YES;
				GCC_C_LANGUAGE_STANDARD = gnu99;
				GCC_NO_COMMON_BLOCKS = YES;
				GCC_WARN_64_TO_32_BIT_CONVERSION = YES;
				GCC_WARN_ABOUT_RETURN_TYPE = YES_ERROR;
				GCC_WARN_UNDECLARED_SELECTOR = YES;
				GCC_WARN_UNINITIALIZED_AUTOS = YES_AGGRESSIVE;
				GCC_WARN_UNUSED_FUNCTION = YES;
				GCC_WARN_UNUSED_VARIABLE = YES;
				IPHONEOS_DEPLOYMENT_TARGET = 8.4;
				MTL_ENABLE_DEBUG_INFO = NO;
				SDKROOT = iphoneos;
				VALIDATE_PRODUCT = YES;
			};
			name = Release;
		};
		38F357961B87B806000534FD /* Debug */ = {
			isa = XCBuildConfiguration;
			buildSettings = {
				ASSETCATALOG_COMPILER_APPICON_NAME = AppIcon;
				INFOPLIST_FILE = justthetip/Info.plist;
				LD_RUNPATH_SEARCH_PATHS = "$(inherited) @executable_path/Frameworks";
				PRODUCT_NAME = "$(TARGET_NAME)";
			};
			name = Debug;
		};
		38F357971B87B806000534FD /* Release */ = {
			isa = XCBuildConfiguration;
			buildSettings = {
				ASSETCATALOG_COMPILER_APPICON_NAME = AppIcon;
				INFOPLIST_FILE = justthetip/Info.plist;
				LD_RUNPATH_SEARCH_PATHS = "$(inherited) @executable_path/Frameworks";
				PRODUCT_NAME = "$(TARGET_NAME)";
			};
			name = Release;
		};
		38F357991B87B806000534FD /* Debug */ = {
			isa = XCBuildConfiguration;
			buildSettings = {
				BUNDLE_LOADER = "$(TEST_HOST)";
				FRAMEWORK_SEARCH_PATHS = (
					"$(SDKROOT)/Developer/Library/Frameworks",
					"$(inherited)",
				);
				GCC_PREPROCESSOR_DEFINITIONS = (
					"DEBUG=1",
					"$(inherited)",
				);
				INFOPLIST_FILE = justthetipTests/Info.plist;
				LD_RUNPATH_SEARCH_PATHS = "$(inherited) @executable_path/Frameworks @loader_path/Frameworks";
				PRODUCT_NAME = "$(TARGET_NAME)";
				TEST_HOST = "$(BUILT_PRODUCTS_DIR)/justthetip.app/justthetip";
			};
			name = Debug;
		};
		38F3579A1B87B806000534FD /* Release */ = {
			isa = XCBuildConfiguration;
			buildSettings = {
				BUNDLE_LOADER = "$(TEST_HOST)";
				FRAMEWORK_SEARCH_PATHS = (
					"$(SDKROOT)/Developer/Library/Frameworks",
					"$(inherited)",
				);
				INFOPLIST_FILE = justthetipTests/Info.plist;
				LD_RUNPATH_SEARCH_PATHS = "$(inherited) @executable_path/Frameworks @loader_path/Frameworks";
				PRODUCT_NAME = "$(TARGET_NAME)";
				TEST_HOST = "$(BUILT_PRODUCTS_DIR)/justthetip.app/justthetip";
			};
			name = Release;
		};
/* End XCBuildConfiguration section */

/* Begin XCConfigurationList section */
		38F357711B87B806000534FD /* Build configuration list for PBXProject "justthetip" */ = {
			isa = XCConfigurationList;
			buildConfigurations = (
				38F357931B87B806000534FD /* Debug */,
				38F357941B87B806000534FD /* Release */,
			);
			defaultConfigurationIsVisible = 0;
			defaultConfigurationName = Release;
		};
		38F357951B87B806000534FD /* Build configuration list for PBXNativeTarget "justthetip" */ = {
			isa = XCConfigurationList;
			buildConfigurations = (
				38F357961B87B806000534FD /* Debug */,
				38F357971B87B806000534FD /* Release */,
			);
			defaultConfigurationIsVisible = 0;
		};
		38F357981B87B806000534FD /* Build configuration list for PBXNativeTarget "justthetipTests" */ = {
			isa = XCConfigurationList;
			buildConfigurations = (
				38F357991B87B806000534FD /* Debug */,
				38F3579A1B87B806000534FD /* Release */,
			);
			defaultConfigurationIsVisible = 0;
		};
/* End XCConfigurationList section */
	};
	rootObject = 38F3576E1B87B806000534FD /* Project object */;
}
